{
  "version": 4,
  "terraform_version": "1.6.3",
  "serial": 9,
  "lineage": "c1eba757-a417-e0c0-60dd-7433e5d0982c",
  "outputs": {},
  "resources": [
    {
      "mode": "managed",
      "type": "google_sql_database",
      "name": "database",
      "provider": "provider[\"registry.terraform.io/hashicorp/google\"]",
      "instances": [
        {
          "schema_version": 0,
          "attributes": {
            "charset": "UTF8",
            "collation": "en_US.UTF8",
            "deletion_policy": "DELETE",
            "id": "projects/boxwood-destiny-400202/instances/instance11/databases/database11",
            "instance": "instance11",
            "name": "database11",
            "project": "boxwood-destiny-400202",
            "self_link": "https://sqladmin.googleapis.com/sql/v1beta4/projects/boxwood-destiny-400202/instances/instance11/databases/database11",
            "timeouts": null
          },
          "sensitive_attributes": [],
          "private": "eyJlMmJmYjczMC1lY2FhLTExZTYtOGY4OC0zNDM2M2JjN2M0YzAiOnsiY3JlYXRlIjoxMjAwMDAwMDAwMDAwLCJkZWxldGUiOjEyMDAwMDAwMDAwMDAsInVwZGF0ZSI6MTIwMDAwMDAwMDAwMH19",
          "dependencies": [
            "google_sql_database_instance.master"
          ]
        }
      ]
    },
    {
      "mode": "managed",
      "type": "google_sql_database_instance",
      "name": "master",
      "provider": "provider[\"registry.terraform.io/hashicorp/google\"]",
      "instances": [
        {
          "schema_version": 0,
          "attributes": {
            "available_maintenance_versions": [],
            "clone": [],
            "connection_name": "boxwood-destiny-400202:us-central1:instance11",
            "database_version": "POSTGRES_14",
            "deletion_protection": true,
            "dns_name": "",
            "encryption_key_name": null,
            "first_ip_address": "35.184.29.104",
            "id": "instance11",
            "instance_type": "CLOUD_SQL_INSTANCE",
            "ip_address": [
              {
                "ip_address": "35.184.29.104",
                "time_to_retire": "",
                "type": "PRIMARY"
              },
              {
                "ip_address": "34.29.105.40",
                "time_to_retire": "",
                "type": "OUTGOING"
              }
            ],
            "maintenance_version": "POSTGRES_14_9.R20230830.01_01",
            "master_instance_name": "",
            "name": "instance11",
            "private_ip_address": "",
            "project": "boxwood-destiny-400202",
            "psc_service_attachment_link": "",
            "public_ip_address": "35.184.29.104",
            "region": "us-central1",
            "replica_configuration": [],
            "restore_backup_context": [],
            "root_password": null,
            "self_link": "https://sqladmin.googleapis.com/sql/v1beta4/projects/boxwood-destiny-400202/instances/instance11",
            "server_ca_cert": [
              {
                "cert": "-----BEGIN CERTIFICATE-----\nMIIDfzCCAmegAwIBAgIBADANBgkqhkiG9w0BAQsFADB3MS0wKwYDVQQuEyQyNDll\nYzcyOS1kYmMxLTQyMGItYWRlMS05NjJiOGFjZTEwN2MxIzAhBgNVBAMTGkdvb2ds\nZSBDbG91ZCBTUUwgU2VydmVyIENBMRQwEgYDVQQKEwtHb29nbGUsIEluYzELMAkG\nA1UEBhMCVVMwHhcNMjMxMTE1MDc1ODU3WhcNMzMxMTEyMDc1OTU3WjB3MS0wKwYD\nVQQuEyQyNDllYzcyOS1kYmMxLTQyMGItYWRlMS05NjJiOGFjZTEwN2MxIzAhBgNV\nBAMTGkdvb2dsZSBDbG91ZCBTUUwgU2VydmVyIENBMRQwEgYDVQQKEwtHb29nbGUs\nIEluYzELMAkGA1UEBhMCVVMwggEiMA0GCSqGSIb3DQEBAQUAA4IBDwAwggEKAoIB\nAQCviDzfcdu/f9PkNoaleIZWxMlUdRjsSszY02NKn0uIONKj+spwaO6m6pbZbHB8\nzPGZbzfCWN3jRUuHmjcYZMbZeFDfH+6+BmwxMVUq1qHJyiuZioGSw++hVxP1BZjl\ngBgFv6KxtbLq068IRfWf49rLVoONApeMMuHc8OZgLcmV7FVMKAS4WaoJ/5mNXQNp\njwBChDP2fI01YJJr+f8FBHSVvzaIqmPs39/l5WlyNIwFxQnbhS8BVpEVFj2OCtLQ\nJPSeBqSpU9fM2iVJQWZFQnIVkEco6sLsihxnMQxXw1o5oXzd3qu//GW3Xq6ng0+w\nbdLb7RijBtbFVMWoK7eiMLYPAgMBAAGjFjAUMBIGA1UdEwEB/wQIMAYBAf8CAQAw\nDQYJKoZIhvcNAQELBQADggEBAJyo1WbiLcoFPzvGE5EW+DI9VlwgTpfSauILhMyT\nn9oO2t/rj960fZH/SyfDukVqZShjXOaAC++8qBimg4HkYn/V2T/spKmGyCXQYKNt\nsrQywlIATsdQlNPrc22Dx63yE6QZf2/QHewy2ivLMw/FgZ5jD0D0AY0vvbyugRSD\nYSIWORLo9TP5drONQv/N9QNnvOr8j/ZzSev/soE3DVml7z7z90OzwSZvwktu6GS8\nDpQyLbMACFHgMqdL8w/Pcvjw4uGOCaeoSJd8tpeAZZHIjdH7Trcp+nP0FA83T0LL\nY9bN05zqX4jiaPheYLne9+51TU5utovVweRjY9XTEJs51YA=\n-----END CERTIFICATE-----",
                "common_name": "C=US,O=Google\\, Inc,CN=Google Cloud SQL Server CA,dnQualifier=249ec729-dbc1-420b-ade1-962b8ace107c",
                "create_time": "2023-11-15T07:58:57.581Z",
                "expiration_time": "2033-11-12T07:59:57.581Z",
                "sha1_fingerprint": "be9d5ee7faa0dcec0d61776e4047e89ac22ade71"
              }
            ],
            "service_account_email_address": "p376753608657-5vy3c1@gcp-sa-cloud-sql.iam.gserviceaccount.com",
            "settings": [
              {
                "activation_policy": "ALWAYS",
                "active_directory_config": [],
                "advanced_machine_features": [],
                "availability_type": "ZONAL",
                "backup_configuration": [
                  {
                    "backup_retention_settings": [
                      {
                        "retained_backups": 7,
                        "retention_unit": "COUNT"
                      }
                    ],
                    "binary_log_enabled": false,
                    "enabled": false,
                    "location": "",
                    "point_in_time_recovery_enabled": false,
                    "start_time": "05:00",
                    "transaction_log_retention_days": 7
                  }
                ],
                "collation": "",
                "connector_enforcement": "NOT_REQUIRED",
                "data_cache_config": [],
                "database_flags": [],
                "deletion_protection_enabled": false,
                "deny_maintenance_period": [],
                "disk_autoresize": true,
                "disk_autoresize_limit": 0,
                "disk_size": 15,
                "disk_type": "PD_SSD",
                "edition": "ENTERPRISE",
                "insights_config": [],
                "ip_configuration": [
                  {
                    "allocated_ip_range": "",
                    "authorized_networks": [],
                    "enable_private_path_for_google_cloud_services": false,
                    "ipv4_enabled": true,
                    "private_network": "",
                    "psc_config": [],
                    "require_ssl": false,
                    "ssl_mode": ""
                  }
                ],
                "location_preference": [
                  {
                    "follow_gae_application": "",
                    "secondary_zone": "",
                    "zone": "us-central1-f"
                  }
                ],
                "maintenance_window": [],
                "password_validation_policy": [],
                "pricing_plan": "PER_USE",
                "sql_server_audit_config": [],
                "tier": "db-f1-micro",
                "time_zone": "",
                "user_labels": {},
                "version": 7
              }
            ],
            "timeouts": null
          },
          "sensitive_attributes": [],
          "private": "eyJlMmJmYjczMC1lY2FhLTExZTYtOGY4OC0zNDM2M2JjN2M0YzAiOnsiY3JlYXRlIjoyNDAwMDAwMDAwMDAwLCJkZWxldGUiOjE4MDAwMDAwMDAwMDAsInVwZGF0ZSI6MTgwMDAwMDAwMDAwMH19"
        }
      ]
    }
  ],
  "check_results": null
}
